PODS:
  - Kiwi (2.4.0)
  - LHToolbar (1.0.0-beta)

DEPENDENCIES:
  - Kiwi
  - LHToolbar (from `../`)

EXTERNAL SOURCES:
  LHToolbar:
    :path: ../

SPEC CHECKSUMS:
  Kiwi: f49c9d54b28917df5928fe44968a39ed198cb8a8
  LHToolbar: 8a01f565cc11419a8dbd456410f909c7448a4da7

PODFILE CHECKSUM: 1266ff4d2e4024e304e733237788a78289402d36

COCOAPODS: 1.0.0
